
Microsoft Visual Studio Solution File, Format Version 12.00
# Visual Studio Version 17
VisualStudioVersion = 17.0.31903.59
MinimumVisualStudioVersion = 10.0.40219.1
Project("{FAE04EC0-301F-11D3-BF4B-00C04F79EFBC}") = "DataTransferAndIntegrationSystem.API", "DataTransferAndIntegrationSystem.API\DataTransferAndIntegrationSystem.API.csproj", "{D4F4A38F-37B2-4DAC-B4FC-881A4C7E67C9}"
EndProject
Project("{FAE04EC0-301F-11D3-BF4B-00C04F79EFBC}") = "DataTransferAndIntegrationSystem.Domain", "DataTransferAndIntegrationSystem.Domain\DataTransferAndIntegrationSystem.Domain.csproj", "{6FD438F7-5D7F-4450-9FE4-0B3B25DB3623}"
EndProject
Project("{FAE04EC0-301F-11D3-BF4B-00C04F79EFBC}") = "DataTransferAndIntegrationSystem.Application", "DataTransferAndIntegrationSystem.Application\DataTransferAndIntegrationSystem.Application.csproj", "{66DEAF74-690C-4B7C-B688-05B20936E36F}"
EndProject
Project("{FAE04EC0-301F-11D3-BF4B-00C04F79EFBC}") = "DataTransferAndIntegrationSystem.Infrastructure", "DataTransferAndIntegrationSystem.Infrastructure\DataTransferAndIntegrationSystem.Infrastructure.csproj", "{C10C862B-3D13-4C7A-9FBA-67F483D7C1FF}"
EndProject
Project("{FAE04EC0-301F-11D3-BF4B-00C04F79EFBC}") = "DataTransferAndIntegrationSystem.Persistence", "DataTransferAndIntegrationSystem.Persistence\DataTransferAndIntegrationSystem.Persistence.csproj", "{5EA7173A-C0C7-4D6E-906C-91F99148ED31}"
EndProject
Project("{FAE04EC0-301F-11D3-BF4B-00C04F79EFBC}") = "DataTransferAndIntegrationSystem.Tests", "DataTransferAndIntegrationSystem.Tests\DataTransferAndIntegrationSystem.Tests.csproj", "{6BEE75BD-2DA1-4107-AFDA-91B496F30DEE}"
EndProject
Global
	GlobalSection(SolutionConfigurationPlatforms) = preSolution
		Debug|Any CPU = Debug|Any CPU
		Debug|x64 = Debug|x64
		Debug|x86 = Debug|x86
		Release|Any CPU = Release|Any CPU
		Release|x64 = Release|x64
		Release|x86 = Release|x86
	EndGlobalSection
	GlobalSection(ProjectConfigurationPlatforms) = postSolution
		{D4F4A38F-37B2-4DAC-B4FC-881A4C7E67C9}.Debug|Any CPU.ActiveCfg = Debug|Any CPU
		{D4F4A38F-37B2-4DAC-B4FC-881A4C7E67C9}.Debug|Any CPU.Build.0 = Debug|Any CPU
		{D4F4A38F-37B2-4DAC-B4FC-881A4C7E67C9}.Debug|x64.ActiveCfg = Debug|Any CPU
		{D4F4A38F-37B2-4DAC-B4FC-881A4C7E67C9}.Debug|x64.Build.0 = Debug|Any CPU
		{D4F4A38F-37B2-4DAC-B4FC-881A4C7E67C9}.Debug|x86.ActiveCfg = Debug|Any CPU
		{D4F4A38F-37B2-4DAC-B4FC-881A4C7E67C9}.Debug|x86.Build.0 = Debug|Any CPU
		{D4F4A38F-37B2-4DAC-B4FC-881A4C7E67C9}.Release|Any CPU.ActiveCfg = Release|Any CPU
		{D4F4A38F-37B2-4DAC-B4FC-881A4C7E67C9}.Release|Any CPU.Build.0 = Release|Any CPU
		{D4F4A38F-37B2-4DAC-B4FC-881A4C7E67C9}.Release|x64.ActiveCfg = Release|Any CPU
		{D4F4A38F-37B2-4DAC-B4FC-881A4C7E67C9}.Release|x64.Build.0 = Release|Any CPU
		{D4F4A38F-37B2-4DAC-B4FC-881A4C7E67C9}.Release|x86.ActiveCfg = Release|Any CPU
		{D4F4A38F-37B2-4DAC-B4FC-881A4C7E67C9}.Release|x86.Build.0 = Release|Any CPU
		{6FD438F7-5D7F-4450-9FE4-0B3B25DB3623}.Debug|Any CPU.ActiveCfg = Debug|Any CPU
		{6FD438F7-5D7F-4450-9FE4-0B3B25DB3623}.Debug|Any CPU.Build.0 = Debug|Any CPU
		{6FD438F7-5D7F-4450-9FE4-0B3B25DB3623}.Debug|x64.ActiveCfg = Debug|Any CPU
		{6FD438F7-5D7F-4450-9FE4-0B3B25DB3623}.Debug|x64.Build.0 = Debug|Any CPU
		{6FD438F7-5D7F-4450-9FE4-0B3B25DB3623}.Debug|x86.ActiveCfg = Debug|Any CPU
		{6FD438F7-5D7F-4450-9FE4-0B3B25DB3623}.Debug|x86.Build.0 = Debug|Any CPU
		{6FD438F7-5D7F-4450-9FE4-0B3B25DB3623}.Release|Any CPU.ActiveCfg = Release|Any CPU
		{6FD438F7-5D7F-4450-9FE4-0B3B25DB3623}.Release|Any CPU.Build.0 = Release|Any CPU
		{6FD438F7-5D7F-4450-9FE4-0B3B25DB3623}.Release|x64.ActiveCfg = Release|Any CPU
		{6FD438F7-5D7F-4450-9FE4-0B3B25DB3623}.Release|x64.Build.0 = Release|Any CPU
		{6FD438F7-5D7F-4450-9FE4-0B3B25DB3623}.Release|x86.ActiveCfg = Release|Any CPU
		{6FD438F7-5D7F-4450-9FE4-0B3B25DB3623}.Release|x86.Build.0 = Release|Any CPU
		{66DEAF74-690C-4B7C-B688-05B20936E36F}.Debug|Any CPU.ActiveCfg = Debug|Any CPU
		{66DEAF74-690C-4B7C-B688-05B20936E36F}.Debug|Any CPU.Build.0 = Debug|Any CPU
		{66DEAF74-690C-4B7C-B688-05B20936E36F}.Debug|x64.ActiveCfg = Debug|Any CPU
		{66DEAF74-690C-4B7C-B688-05B20936E36F}.Debug|x64.Build.0 = Debug|Any CPU
		{66DEAF74-690C-4B7C-B688-05B20936E36F}.Debug|x86.ActiveCfg = Debug|Any CPU
		{66DEAF74-690C-4B7C-B688-05B20936E36F}.Debug|x86.Build.0 = Debug|Any CPU
		{66DEAF74-690C-4B7C-B688-05B20936E36F}.Release|Any CPU.ActiveCfg = Release|Any CPU
		{66DEAF74-690C-4B7C-B688-05B20936E36F}.Release|Any CPU.Build.0 = Release|Any CPU
		{66DEAF74-690C-4B7C-B688-05B20936E36F}.Release|x64.ActiveCfg = Release|Any CPU
		{66DEAF74-690C-4B7C-B688-05B20936E36F}.Release|x64.Build.0 = Release|Any CPU
		{66DEAF74-690C-4B7C-B688-05B20936E36F}.Release|x86.ActiveCfg = Release|Any CPU
		{66DEAF74-690C-4B7C-B688-05B20936E36F}.Release|x86.Build.0 = Release|Any CPU
		{C10C862B-3D13-4C7A-9FBA-67F483D7C1FF}.Debug|Any CPU.ActiveCfg = Debug|Any CPU
		{C10C862B-3D13-4C7A-9FBA-67F483D7C1FF}.Debug|Any CPU.Build.0 = Debug|Any CPU
		{C10C862B-3D13-4C7A-9FBA-67F483D7C1FF}.Debug|x64.ActiveCfg = Debug|Any CPU
		{C10C862B-3D13-4C7A-9FBA-67F483D7C1FF}.Debug|x64.Build.0 = Debug|Any CPU
		{C10C862B-3D13-4C7A-9FBA-67F483D7C1FF}.Debug|x86.ActiveCfg = Debug|Any CPU
		{C10C862B-3D13-4C7A-9FBA-67F483D7C1FF}.Debug|x86.Build.0 = Debug|Any CPU
		{C10C862B-3D13-4C7A-9FBA-67F483D7C1FF}.Release|Any CPU.ActiveCfg = Release|Any CPU
		{C10C862B-3D13-4C7A-9FBA-67F483D7C1FF}.Release|Any CPU.Build.0 = Release|Any CPU
		{C10C862B-3D13-4C7A-9FBA-67F483D7C1FF}.Release|x64.ActiveCfg = Release|Any CPU
		{C10C862B-3D13-4C7A-9FBA-67F483D7C1FF}.Release|x64.Build.0 = Release|Any CPU
		{C10C862B-3D13-4C7A-9FBA-67F483D7C1FF}.Release|x86.ActiveCfg = Release|Any CPU
		{C10C862B-3D13-4C7A-9FBA-67F483D7C1FF}.Release|x86.Build.0 = Release|Any CPU
		{5EA7173A-C0C7-4D6E-906C-91F99148ED31}.Debug|Any CPU.ActiveCfg = Debug|Any CPU
		{5EA7173A-C0C7-4D6E-906C-91F99148ED31}.Debug|Any CPU.Build.0 = Debug|Any CPU
		{5EA7173A-C0C7-4D6E-906C-91F99148ED31}.Debug|x64.ActiveCfg = Debug|Any CPU
		{5EA7173A-C0C7-4D6E-906C-91F99148ED31}.Debug|x64.Build.0 = Debug|Any CPU
		{5EA7173A-C0C7-4D6E-906C-91F99148ED31}.Debug|x86.ActiveCfg = Debug|Any CPU
		{5EA7173A-C0C7-4D6E-906C-91F99148ED31}.Debug|x86.Build.0 = Debug|Any CPU
		{5EA7173A-C0C7-4D6E-906C-91F99148ED31}.Release|Any CPU.ActiveCfg = Release|Any CPU
		{5EA7173A-C0C7-4D6E-906C-91F99148ED31}.Release|Any CPU.Build.0 = Release|Any CPU
		{5EA7173A-C0C7-4D6E-906C-91F99148ED31}.Release|x64.ActiveCfg = Release|Any CPU
		{5EA7173A-C0C7-4D6E-906C-91F99148ED31}.Release|x64.Build.0 = Release|Any CPU
		{5EA7173A-C0C7-4D6E-906C-91F99148ED31}.Release|x86.ActiveCfg = Release|Any CPU
		{5EA7173A-C0C7-4D6E-906C-91F99148ED31}.Release|x86.Build.0 = Release|Any CPU
		{6BEE75BD-2DA1-4107-AFDA-91B496F30DEE}.Debug|Any CPU.ActiveCfg = Debug|Any CPU
		{6BEE75BD-2DA1-4107-AFDA-91B496F30DEE}.Debug|Any CPU.Build.0 = Debug|Any CPU
		{6BEE75BD-2DA1-4107-AFDA-91B496F30DEE}.Debug|x64.ActiveCfg = Debug|Any CPU
		{6BEE75BD-2DA1-4107-AFDA-91B496F30DEE}.Debug|x64.Build.0 = Debug|Any CPU
		{6BEE75BD-2DA1-4107-AFDA-91B496F30DEE}.Debug|x86.ActiveCfg = Debug|Any CPU
		{6BEE75BD-2DA1-4107-AFDA-91B496F30DEE}.Debug|x86.Build.0 = Debug|Any CPU
		{6BEE75BD-2DA1-4107-AFDA-91B496F30DEE}.Release|Any CPU.ActiveCfg = Release|Any CPU
		{6BEE75BD-2DA1-4107-AFDA-91B496F30DEE}.Release|Any CPU.Build.0 = Release|Any CPU
		{6BEE75BD-2DA1-4107-AFDA-91B496F30DEE}.Release|x64.ActiveCfg = Release|Any CPU
		{6BEE75BD-2DA1-4107-AFDA-91B496F30DEE}.Release|x64.Build.0 = Release|Any CPU
		{6BEE75BD-2DA1-4107-AFDA-91B496F30DEE}.Release|x86.ActiveCfg = Release|Any CPU
		{6BEE75BD-2DA1-4107-AFDA-91B496F30DEE}.Release|x86.Build.0 = Release|Any CPU
	EndGlobalSection
	GlobalSection(SolutionProperties) = preSolution
		HideSolutionNode = FALSE
	EndGlobalSection
EndGlobal
